
Microsoft Visual Studio Solution File, Format Version 12.00
# Visual Studio 15
VisualStudioVersion = 15.0.27703.2026
MinimumVisualStudioVersion = 10.0.40219.1
Project("{FAE04EC0-301F-11D3-BF4B-00C04F79EFBC}") = "Ship.Core", "Ship.Core\Ship.Core.csproj", "{4FC6C43B-57D5-4883-9F78-87DBD8F8EFED}"
EndProject
Project("{FAE04EC0-301F-11D3-BF4B-00C04F79EFBC}") = "Ship.Infrastructure", "Ship.Infrastructure\Ship.Infrastructure.csproj", "{061FA8D1-023A-4F82-9261-3851CE74B199}"
EndProject
Project("{FAE04EC0-301F-11D3-BF4B-00C04F79EFBC}") = "Ship.Web", "Ship.Web\Ship.Web.csproj", "{FC267634-5FCD-42B9-B8F4-291351BDA9AB}"
EndProject
Global
	GlobalSection(SolutionConfigurationPlatforms) = preSolution
		Debug|Any CPU = Debug|Any CPU
		Release|Any CPU = Release|Any CPU
	EndGlobalSection
	GlobalSection(ProjectConfigurationPlatforms) = postSolution
		{4FC6C43B-57D5-4883-9F78-87DBD8F8EFED}.Debug|Any CPU.ActiveCfg = Debug|Any CPU
		{4FC6C43B-57D5-4883-9F78-87DBD8F8EFED}.Debug|Any CPU.Build.0 = Debug|Any CPU
		{4FC6C43B-57D5-4883-9F78-87DBD8F8EFED}.Release|Any CPU.ActiveCfg = Release|Any CPU
		{4FC6C43B-57D5-4883-9F78-87DBD8F8EFED}.Release|Any CPU.Build.0 = Release|Any CPU
		{061FA8D1-023A-4F82-9261-3851CE74B199}.Debug|Any CPU.ActiveCfg = Debug|Any CPU
		{061FA8D1-023A-4F82-9261-3851CE74B199}.Debug|Any CPU.Build.0 = Debug|Any CPU
		{061FA8D1-023A-4F82-9261-3851CE74B199}.Release|Any CPU.ActiveCfg = Release|Any CPU
		{061FA8D1-023A-4F82-9261-3851CE74B199}.Release|Any CPU.Build.0 = Release|Any CPU
		{FC267634-5FCD-42B9-B8F4-291351BDA9AB}.Debug|Any CPU.ActiveCfg = Debug|Any CPU
		{FC267634-5FCD-42B9-B8F4-291351BDA9AB}.Debug|Any CPU.Build.0 = Debug|Any CPU
		{FC267634-5FCD-42B9-B8F4-291351BDA9AB}.Release|Any CPU.ActiveCfg = Release|Any CPU
		{FC267634-5FCD-42B9-B8F4-291351BDA9AB}.Release|Any CPU.Build.0 = Release|Any CPU
	EndGlobalSection
	GlobalSection(SolutionProperties) = preSolution
		HideSolutionNode = FALSE
	EndGlobalSection
	GlobalSection(ExtensibilityGlobals) = postSolution
		SolutionGuid = {B85E7929-A0C7-4374-B9F6-FF7019719610}
	EndGlobalSection
EndGlobal
